
Microsoft Visual Studio Solution File, Format Version 11.00
# Visual Studio 2010
Project("{FAE04EC0-301F-11D3-BF4B-00C04F79EFBC}") = "testClient", "testClient\testClient.csproj", "{F1CD2FE1-465A-4261-9A3D-0E50C4309523}"
EndProject
Global
	GlobalSection(SolutionConfigurationPlatforms) = preSolution
		Debug|x86 = Debug|x86
		Release|x86 = Release|x86
	EndGlobalSection
	GlobalSection(ProjectConfigurationPlatforms) = postSolution
		{F1CD2FE1-465A-4261-9A3D-0E50C4309523}.Debug|x86.ActiveCfg = Debug|x86
		{F1CD2FE1-465A-4261-9A3D-0E50C4309523}.Debug|x86.Build.0 = Debug|x86
		{F1CD2FE1-465A-4261-9A3D-0E50C4309523}.Release|x86.ActiveCfg = Release|x86
		{F1CD2FE1-465A-4261-9A3D-0E50C4309523}.Release|x86.Build.0 = Release|x86
	EndGlobalSection
	GlobalSection(SolutionProperties) = preSolution
		HideSolutionNode = FALSE
	EndGlobalSection
EndGlobal
